
Microsoft Visual Studio Solution File, Format Version 12.00
Project("{FAE04EC0-301F-11D3-BF4B-00C04F79EFBC}") = "Financial_Calculator", "Financial_Calculator\Financial_Calculator.csproj", "{FF57D629-6E69-4D52-ADD7-13BAFC937519}"
EndProject
Global
	GlobalSection(SolutionConfigurationPlatforms) = preSolution
		Debug|Any CPU = Debug|Any CPU
		Release|Any CPU = Release|Any CPU
	EndGlobalSection
	GlobalSection(ProjectConfigurationPlatforms) = postSolution
		{FF57D629-6E69-4D52-ADD7-13BAFC937519}.Debug|Any CPU.ActiveCfg = Debug|Any CPU
		{FF57D629-6E69-4D52-ADD7-13BAFC937519}.Debug|Any CPU.Build.0 = Debug|Any CPU
		{FF57D629-6E69-4D52-ADD7-13BAFC937519}.Release|Any CPU.ActiveCfg = Release|Any CPU
		{FF57D629-6E69-4D52-ADD7-13BAFC937519}.Release|Any CPU.Build.0 = Release|Any CPU
	EndGlobalSection
EndGlobal
